<?xml version="1.0" encoding="utf-8"?>
<Project ToolsVersion="4.0" xmlns="http://schemas.microsoft.com/developer/msbuild/2003">
  <ItemGroup>
    <Filter Include="Source Files">
      <UniqueIdentifier>{4FC737F1-C7A5-4376-A066-2A32D752A2FF}</UniqueIdentifier>
      <Extensions>cpp;c;cc;cxx;c++;cppm;ixx;def;odl;idl;hpj;bat;asm;asmx</Extensions>
    </Filter>
    <Filter Include="Header Files">
      <UniqueIdentifier>{93995380-89BD-4b04-88EB-625FBE52EBFB}</UniqueIdentifier>
      <Extensions>h;hh;hpp;hxx;h++;hm;inl;inc;ipp;xsd</Extensions>
    </Filter>
    <Filter Include="Resource Files">
      <UniqueIdentifier>{67DA6AB6-F800-4c08-8B7A-83BB121AAD01}</UniqueIdentifier>
      <Extensions>rc;ico;cur;bmp;dlg;rc2;rct;bin;rgs;gif;jpg;jpeg;jpe;resx;tiff;tif;png;wav;mfcribbon-ms</Extensions>
    </Filter>
  </ItemGroup>
  <ItemGroup>
    <ClCompile Include="src\pyevspace\src\evspacemodule.c">
      <Filter>Source Files</Filter>
    </ClCompile>
  </ItemGroup>
  <ItemGroup>
    <ClInclude Include="src\pyevspace\include\evspacemodule.h">
      <Filter>Header Files</Filter>
    </ClInclude>
    <ClInclude Include="src\pyevspace\include\evspace_angles.h">
      <Filter>Header Files</Filter>
    </ClInclude>
    <ClInclude Include="src\pyevspace\include\evspace_api.h">
      <Filter>Header Files</Filter>
    </ClInclude>
    <ClInclude Include="src\pyevspace\include\evspace_common.h">
      <Filter>Header Files</Filter>
    </ClInclude>
    <ClInclude Include="src\pyevspace\include\evspace_matrix.h">
      <Filter>Header Files</Filter>
    </ClInclude>
    <ClInclude Include="src\pyevspace\include\evspace_refframe.h">
      <Filter>Header Files</Filter>
    </ClInclude>
    <ClInclude Include="src\pyevspace\include\evspace_rotation.h">
      <Filter>Header Files</Filter>
    </ClInclude>
    <ClInclude Include="src\pyevspace\include\evspace_vector.h">
      <Filter>Header Files</Filter>
    </ClInclude>
  </ItemGroup>
  <ItemGroup>
    <None Include=".gitignore" />
    <None Include="MANIFEST.in" />
    <None Include="README.md" />
    <None Include="setup.py" />
    <None Include="src\examples\arithmetic.py" />
    <None Include="src\examples\creating.py" />
    <None Include="src\examples\methods.py" />
    <None Include="src\examples\__init__.py" />
    <None Include="src\pyevspace\__init__.py" />
    <None Include="src\tests\angles_test.py" />
    <None Include="src\tests\matrix_test.py" />
    <None Include="src\tests\refframe_test.py" />
    <None Include="src\tests\rotation_answers.py" />
    <None Include="src\tests\rotation_test.py" />
    <None Include="src\tests\vector_test.py" />
    <None Include="src\tests\__init__.py" />
    <None Include="tox.ini" />
    <None Include=".github\workflows\test-builds.yml" />
    <None Include=".github\workflows\create-release.yml" />
    <None Include=".github\scripts\generate_changes.py" />
    <None Include="CHANGELOG.md" />
  </ItemGroup>
  <ItemGroup>
    <Text Include="LICENSE.txt" />
    <Text Include="pyevspace-extension\tests\offset-scratch.txt" />
    <Text Include="requirements.txt" />
    <Text Include="src\tests\offset-scratch.txt" />
  </ItemGroup>
</Project>