<?xml version="1.0" encoding="utf-8"?>
<Project ToolsVersion="4.0" xmlns="http://schemas.microsoft.com/developer/msbuild/2003">
  <ItemGroup>
    <Filter Include="Source Files">
      <UniqueIdentifier>{4FC737F1-C7A5-4376-A066-2A32D752A2FF}</UniqueIdentifier>
      <Extensions>cpp;c;cc;cxx;c++;cppm;ixx;def;odl;idl;hpj;bat;asm;asmx</Extensions>
    </Filter>
    <Filter Include="Header Files">
      <UniqueIdentifier>{93995380-89BD-4b04-88EB-625FBE52EBFB}</UniqueIdentifier>
      <Extensions>h;hh;hpp;hxx;h++;hm;inl;inc;ipp;xsd</Extensions>
    </Filter>
    <Filter Include="Resource Files">
      <UniqueIdentifier>{67DA6AB6-F800-4c08-8B7A-83BB121AAD01}</UniqueIdentifier>
      <Extensions>rc;ico;cur;bmp;dlg;rc2;rct;bin;rgs;gif;jpg;jpeg;jpe;resx;tiff;tif;png;wav;mfcribbon-ms</Extensions>
    </Filter>
  </ItemGroup>
  <ItemGroup>
    <ClCompile Include="src\evspacemodule.c">
      <Filter>Source Files</Filter>
    </ClCompile>
  </ItemGroup>
  <ItemGroup>
    <ClInclude Include="include\evspacemodule.h">
      <Filter>Header Files</Filter>
    </ClInclude>
    <ClInclude Include="include\evspace_vector.h">
      <Filter>Header Files</Filter>
    </ClInclude>
    <ClInclude Include="include\evspace_common.h">
      <Filter>Header Files</Filter>
    </ClInclude>
    <ClInclude Include="include\evspace_matrix.h">
      <Filter>Header Files</Filter>
    </ClInclude>
    <ClInclude Include="include\evspace_angles.h">
      <Filter>Header Files</Filter>
    </ClInclude>
    <ClInclude Include="include\evspace_api.h">
      <Filter>Header Files</Filter>
    </ClInclude>
    <ClInclude Include="include\evspace_rotation.h">
      <Filter>Header Files</Filter>
    </ClInclude>
    <ClInclude Include="include\evspace_refframe.h">
      <Filter>Header Files</Filter>
    </ClInclude>
  </ItemGroup>
  <ItemGroup>
    <None Include="tests\__init__.py" />
    <None Include="tests\matrix_test.py" />
    <None Include="tests\module_test.py" />
    <None Include="tests\pyevspace_tests.py" />
    <None Include="tests\vector_test.py" />
    <None Include="__init__.py" />
    <None Include="examples\__init__.py" />
    <None Include="examples\arithmetic.py" />
    <None Include="examples\creating.py" />
    <None Include="examples\methods.py" />
    <None Include="tests\angles_test.py" />
    <None Include="tests\rotation_test.py" />
  </ItemGroup>
</Project>